
Microsoft Visual Studio Solution File, Format Version 12.00
# Visual Studio Version 17
VisualStudioVersion = 17.8.34316.72
MinimumVisualStudioVersion = 10.0.40219.1
Project("{9A19103F-16F7-4668-BE54-9A1E7A4F7556}") = "PropEquityME", "PropEquityME\PropEquityME.csproj", "{23F35695-3682-4A24-A68E-0E3015A3B3CC}"
EndProject
Project("{9A19103F-16F7-4668-BE54-9A1E7A4F7556}") = "PropEquityME_DOM", "PropEquityME_DOM\PropEquityME_DOM.csproj", "{ED9E4E19-587B-433E-AB52-290BC6F37391}"
EndProject
Project("{9A19103F-16F7-4668-BE54-9A1E7A4F7556}") = "PropEquityME_DAL", "PropEquityME_DAL\PropEquityME_DAL.csproj", "{FDE8A560-EB40-4A8D-86D5-2A8601F59ABD}"
EndProject
Project("{9A19103F-16F7-4668-BE54-9A1E7A4F7556}") = "PropEquityME_BAL", "PropEquityME_BAL\PropEquityME_BAL.csproj", "{99414B9F-D113-40FF-B141-479DC9AE2985}"
EndProject
Project("{9A19103F-16F7-4668-BE54-9A1E7A4F7556}") = "PropEquityME_Utility", "PropEquityME_Utility\PropEquityME_Utility.csproj", "{127FAF20-1712-4735-A40E-775EBF9E5EC5}"
EndProject
Global
	GlobalSection(SolutionConfigurationPlatforms) = preSolution
		Debug|Any CPU = Debug|Any CPU
		Release|Any CPU = Release|Any CPU
	EndGlobalSection
	GlobalSection(ProjectConfigurationPlatforms) = postSolution
		{23F35695-3682-4A24-A68E-0E3015A3B3CC}.Debug|Any CPU.ActiveCfg = Debug|Any CPU
		{23F35695-3682-4A24-A68E-0E3015A3B3CC}.Debug|Any CPU.Build.0 = Debug|Any CPU
		{23F35695-3682-4A24-A68E-0E3015A3B3CC}.Release|Any CPU.ActiveCfg = Release|Any CPU
		{23F35695-3682-4A24-A68E-0E3015A3B3CC}.Release|Any CPU.Build.0 = Release|Any CPU
		{ED9E4E19-587B-433E-AB52-290BC6F37391}.Debug|Any CPU.ActiveCfg = Debug|Any CPU
		{ED9E4E19-587B-433E-AB52-290BC6F37391}.Debug|Any CPU.Build.0 = Debug|Any CPU
		{ED9E4E19-587B-433E-AB52-290BC6F37391}.Release|Any CPU.ActiveCfg = Release|Any CPU
		{ED9E4E19-587B-433E-AB52-290BC6F37391}.Release|Any CPU.Build.0 = Release|Any CPU
		{FDE8A560-EB40-4A8D-86D5-2A8601F59ABD}.Debug|Any CPU.ActiveCfg = Debug|Any CPU
		{FDE8A560-EB40-4A8D-86D5-2A8601F59ABD}.Debug|Any CPU.Build.0 = Debug|Any CPU
		{FDE8A560-EB40-4A8D-86D5-2A8601F59ABD}.Release|Any CPU.ActiveCfg = Release|Any CPU
		{FDE8A560-EB40-4A8D-86D5-2A8601F59ABD}.Release|Any CPU.Build.0 = Release|Any CPU
		{99414B9F-D113-40FF-B141-479DC9AE2985}.Debug|Any CPU.ActiveCfg = Debug|Any CPU
		{99414B9F-D113-40FF-B141-479DC9AE2985}.Debug|Any CPU.Build.0 = Debug|Any CPU
		{99414B9F-D113-40FF-B141-479DC9AE2985}.Release|Any CPU.ActiveCfg = Release|Any CPU
		{99414B9F-D113-40FF-B141-479DC9AE2985}.Release|Any CPU.Build.0 = Release|Any CPU
		{127FAF20-1712-4735-A40E-775EBF9E5EC5}.Debug|Any CPU.ActiveCfg = Debug|Any CPU
		{127FAF20-1712-4735-A40E-775EBF9E5EC5}.Debug|Any CPU.Build.0 = Debug|Any CPU
		{127FAF20-1712-4735-A40E-775EBF9E5EC5}.Release|Any CPU.ActiveCfg = Release|Any CPU
		{127FAF20-1712-4735-A40E-775EBF9E5EC5}.Release|Any CPU.Build.0 = Release|Any CPU
	EndGlobalSection
	GlobalSection(SolutionProperties) = preSolution
		HideSolutionNode = FALSE
	EndGlobalSection
	GlobalSection(ExtensibilityGlobals) = postSolution
		SolutionGuid = {FA60827B-910B-41C4-9B0B-2B22B5484885}
	EndGlobalSection
EndGlobal
